
Microsoft Visual Studio Solution File, Format Version 12.00
# Visual Studio Version 17
VisualStudioVersion = 17.8.34408.163
MinimumVisualStudioVersion = 10.0.40219.1
Project("{9A19103F-16F7-4668-BE54-9A1E7A4F7556}") = "RussianAnalizHack", "RussianAnalizHack.csproj", "{7A7BEE0E-7A4F-4ED6-B45E-7ACB25C12F00}"
EndProject
Global
	GlobalSection(SolutionConfigurationPlatforms) = preSolution
		Debug|Any CPU = Debug|Any CPU
		Release|Any CPU = Release|Any CPU
	EndGlobalSection
	GlobalSection(ProjectConfigurationPlatforms) = postSolution
		{7A7BEE0E-7A4F-4ED6-B45E-7ACB25C12F00}.Debug|Any CPU.ActiveCfg = Debug|Any CPU
		{7A7BEE0E-7A4F-4ED6-B45E-7ACB25C12F00}.Debug|Any CPU.Build.0 = Debug|Any CPU
		{7A7BEE0E-7A4F-4ED6-B45E-7ACB25C12F00}.Release|Any CPU.ActiveCfg = Release|Any CPU
		{7A7BEE0E-7A4F-4ED6-B45E-7ACB25C12F00}.Release|Any CPU.Build.0 = Release|Any CPU
	EndGlobalSection
	GlobalSection(SolutionProperties) = preSolution
		HideSolutionNode = FALSE
	EndGlobalSection
	GlobalSection(ExtensibilityGlobals) = postSolution
		SolutionGuid = {E482EF8B-B860-4FC6-9D6E-0B5580D82008}
	EndGlobalSection
EndGlobal
